
Microsoft Visual Studio Solution File, Format Version 12.00
# Visual Studio 14
VisualStudioVersion = 14.0.25420.1
MinimumVisualStudioVersion = 10.0.40219.1
Project("{FAE04EC0-301F-11D3-BF4B-00C04F79EFBC}") = "VIA", "VIA\VIA\VIA.csproj", "{0AEA5893-78DD-483C-BE25-B574CA86B3C5}"
EndProject
Project("{FAE04EC0-301F-11D3-BF4B-00C04F79EFBC}") = "VIA.WinPhone", "VIA\VIA.WinPhone\VIA.WinPhone.csproj", "{DA64E198-90B5-4F97-80CC-E10D81B7DE9B}"
EndProject
Project("{FAE04EC0-301F-11D3-BF4B-00C04F79EFBC}") = "VIA.UWP", "VIA\VIA.UWP\VIA.UWP.csproj", "{068DE56B-2D0A-48BB-95F7-E6EDB0746B7D}"
EndProject
Project("{FAE04EC0-301F-11D3-BF4B-00C04F79EFBC}") = "VIA.Droid", "VIA\VIA.Droid\VIA.Droid.csproj", "{0A37A4A2-C5A7-4571-9700-BE9A920EA47D}"
EndProject
Project("{FAE04EC0-301F-11D3-BF4B-00C04F79EFBC}") = "VIA.iOS", "VIA\VIA.iOS\VIA.iOS.csproj", "{A6BB4BC6-708C-4CF9-96F1-1EC5279E94C9}"
EndProject
Global
	GlobalSection(SolutionConfigurationPlatforms) = preSolution
		Ad-Hoc|Any CPU = Ad-Hoc|Any CPU
		Ad-Hoc|ARM = Ad-Hoc|ARM
		Ad-Hoc|iPhone = Ad-Hoc|iPhone
		Ad-Hoc|iPhoneSimulator = Ad-Hoc|iPhoneSimulator
		Ad-Hoc|x64 = Ad-Hoc|x64
		Ad-Hoc|x86 = Ad-Hoc|x86
		AppStore|Any CPU = AppStore|Any CPU
		AppStore|ARM = AppStore|ARM
		AppStore|iPhone = AppStore|iPhone
		AppStore|iPhoneSimulator = AppStore|iPhoneSimulator
		AppStore|x64 = AppStore|x64
		AppStore|x86 = AppStore|x86
		Debug|Any CPU = Debug|Any CPU
		Debug|ARM = Debug|ARM
		Debug|iPhone = Debug|iPhone
		Debug|iPhoneSimulator = Debug|iPhoneSimulator
		Debug|x64 = Debug|x64
		Debug|x86 = Debug|x86
		Release|Any CPU = Release|Any CPU
		Release|ARM = Release|ARM
		Release|iPhone = Release|iPhone
		Release|iPhoneSimulator = Release|iPhoneSimulator
		Release|x64 = Release|x64
		Release|x86 = Release|x86
	EndGlobalSection
	GlobalSection(ProjectConfigurationPlatforms) = postSolution
		{0AEA5893-78DD-483C-BE25-B574CA86B3C5}.Ad-Hoc|Any CPU.ActiveCfg = Release|Any CPU
		{0AEA5893-78DD-483C-BE25-B574CA86B3C5}.Ad-Hoc|Any CPU.Build.0 = Release|Any CPU
		{0AEA5893-78DD-483C-BE25-B574CA86B3C5}.Ad-Hoc|ARM.ActiveCfg = Release|Any CPU
		{0AEA5893-78DD-483C-BE25-B574CA86B3C5}.Ad-Hoc|ARM.Build.0 = Release|Any CPU
		{0AEA5893-78DD-483C-BE25-B574CA86B3C5}.Ad-Hoc|iPhone.ActiveCfg = Release|Any CPU
		{0AEA5893-78DD-483C-BE25-B574CA86B3C5}.Ad-Hoc|iPhone.Build.0 = Release|Any CPU
		{0AEA5893-78DD-483C-BE25-B574CA86B3C5}.Ad-Hoc|iPhoneSimulator.ActiveCfg = Release|Any CPU
		{0AEA5893-78DD-483C-BE25-B574CA86B3C5}.Ad-Hoc|iPhoneSimulator.Build.0 = Release|Any CPU
		{0AEA5893-78DD-483C-BE25-B574CA86B3C5}.Ad-Hoc|x64.ActiveCfg = Release|Any CPU
		{0AEA5893-78DD-483C-BE25-B574CA86B3C5}.Ad-Hoc|x64.Build.0 = Release|Any CPU
		{0AEA5893-78DD-483C-BE25-B574CA86B3C5}.Ad-Hoc|x86.ActiveCfg = Release|Any CPU
		{0AEA5893-78DD-483C-BE25-B574CA86B3C5}.Ad-Hoc|x86.Build.0 = Release|Any CPU
		{0AEA5893-78DD-483C-BE25-B574CA86B3C5}.AppStore|Any CPU.ActiveCfg = Release|Any CPU
		{0AEA5893-78DD-483C-BE25-B574CA86B3C5}.AppStore|Any CPU.Build.0 = Release|Any CPU
		{0AEA5893-78DD-483C-BE25-B574CA86B3C5}.AppStore|ARM.ActiveCfg = Release|Any CPU
		{0AEA5893-78DD-483C-BE25-B574CA86B3C5}.AppStore|ARM.Build.0 = Release|Any CPU
		{0AEA5893-78DD-483C-BE25-B574CA86B3C5}.AppStore|iPhone.ActiveCfg = Release|Any CPU
		{0AEA5893-78DD-483C-BE25-B574CA86B3C5}.AppStore|iPhone.Build.0 = Release|Any CPU
		{0AEA5893-78DD-483C-BE25-B574CA86B3C5}.AppStore|iPhoneSimulator.ActiveCfg = Release|Any CPU
		{0AEA5893-78DD-483C-BE25-B574CA86B3C5}.AppStore|iPhoneSimulator.Build.0 = Release|Any CPU
		{0AEA5893-78DD-483C-BE25-B574CA86B3C5}.AppStore|x64.ActiveCfg = Release|Any CPU
		{0AEA5893-78DD-483C-BE25-B574CA86B3C5}.AppStore|x64.Build.0 = Release|Any CPU
		{0AEA5893-78DD-483C-BE25-B574CA86B3C5}.AppStore|x86.ActiveCfg = Release|Any CPU
		{0AEA5893-78DD-483C-BE25-B574CA86B3C5}.AppStore|x86.Build.0 = Release|Any CPU
		{0AEA5893-78DD-483C-BE25-B574CA86B3C5}.Debug|Any CPU.ActiveCfg = Debug|Any CPU
		{0AEA5893-78DD-483C-BE25-B574CA86B3C5}.Debug|Any CPU.Build.0 = Debug|Any CPU
		{0AEA5893-78DD-483C-BE25-B574CA86B3C5}.Debug|ARM.ActiveCfg = Debug|Any CPU
		{0AEA5893-78DD-483C-BE25-B574CA86B3C5}.Debug|ARM.Build.0 = Debug|Any CPU
		{0AEA5893-78DD-483C-BE25-B574CA86B3C5}.Debug|iPhone.ActiveCfg = Debug|Any CPU
		{0AEA5893-78DD-483C-BE25-B574CA86B3C5}.Debug|iPhone.Build.0 = Debug|Any CPU
		{0AEA5893-78DD-483C-BE25-B574CA86B3C5}.Debug|iPhoneSimulator.ActiveCfg = Debug|Any CPU
		{0AEA5893-78DD-483C-BE25-B574CA86B3C5}.Debug|iPhoneSimulator.Build.0 = Debug|Any CPU
		{0AEA5893-78DD-483C-BE25-B574CA86B3C5}.Debug|x64.ActiveCfg = Debug|Any CPU
		{0AEA5893-78DD-483C-BE25-B574CA86B3C5}.Debug|x64.Build.0 = Debug|Any CPU
		{0AEA5893-78DD-483C-BE25-B574CA86B3C5}.Debug|x86.ActiveCfg = Debug|Any CPU
		{0AEA5893-78DD-483C-BE25-B574CA86B3C5}.Debug|x86.Build.0 = Debug|Any CPU
		{0AEA5893-78DD-483C-BE25-B574CA86B3C5}.Release|Any CPU.ActiveCfg = Release|Any CPU
		{0AEA5893-78DD-483C-BE25-B574CA86B3C5}.Release|Any CPU.Build.0 = Release|Any CPU
		{0AEA5893-78DD-483C-BE25-B574CA86B3C5}.Release|ARM.ActiveCfg = Release|Any CPU
		{0AEA5893-78DD-483C-BE25-B574CA86B3C5}.Release|ARM.Build.0 = Release|Any CPU
		{0AEA5893-78DD-483C-BE25-B574CA86B3C5}.Release|iPhone.ActiveCfg = Release|Any CPU
		{0AEA5893-78DD-483C-BE25-B574CA86B3C5}.Release|iPhone.Build.0 = Release|Any CPU
		{0AEA5893-78DD-483C-BE25-B574CA86B3C5}.Release|iPhoneSimulator.ActiveCfg = Release|Any CPU
		{0AEA5893-78DD-483C-BE25-B574CA86B3C5}.Release|iPhoneSimulator.Build.0 = Release|Any CPU
		{0AEA5893-78DD-483C-BE25-B574CA86B3C5}.Release|x64.ActiveCfg = Release|Any CPU
		{0AEA5893-78DD-483C-BE25-B574CA86B3C5}.Release|x64.Build.0 = Release|Any CPU
		{0AEA5893-78DD-483C-BE25-B574CA86B3C5}.Release|x86.ActiveCfg = Release|Any CPU
		{0AEA5893-78DD-483C-BE25-B574CA86B3C5}.Release|x86.Build.0 = Release|Any CPU
		{DA64E198-90B5-4F97-80CC-E10D81B7DE9B}.Ad-Hoc|Any CPU.ActiveCfg = Release|Any CPU
		{DA64E198-90B5-4F97-80CC-E10D81B7DE9B}.Ad-Hoc|Any CPU.Build.0 = Release|Any CPU
		{DA64E198-90B5-4F97-80CC-E10D81B7DE9B}.Ad-Hoc|Any CPU.Deploy.0 = Release|Any CPU
		{DA64E198-90B5-4F97-80CC-E10D81B7DE9B}.Ad-Hoc|ARM.ActiveCfg = Release|ARM
		{DA64E198-90B5-4F97-80CC-E10D81B7DE9B}.Ad-Hoc|ARM.Build.0 = Release|ARM
		{DA64E198-90B5-4F97-80CC-E10D81B7DE9B}.Ad-Hoc|ARM.Deploy.0 = Release|ARM
		{DA64E198-90B5-4F97-80CC-E10D81B7DE9B}.Ad-Hoc|iPhone.ActiveCfg = Release|Any CPU
		{DA64E198-90B5-4F97-80CC-E10D81B7DE9B}.Ad-Hoc|iPhone.Build.0 = Release|Any CPU
		{DA64E198-90B5-4F97-80CC-E10D81B7DE9B}.Ad-Hoc|iPhone.Deploy.0 = Release|Any CPU
		{DA64E198-90B5-4F97-80CC-E10D81B7DE9B}.Ad-Hoc|iPhoneSimulator.ActiveCfg = Release|Any CPU
		{DA64E198-90B5-4F97-80CC-E10D81B7DE9B}.Ad-Hoc|iPhoneSimulator.Build.0 = Release|Any CPU
		{DA64E198-90B5-4F97-80CC-E10D81B7DE9B}.Ad-Hoc|iPhoneSimulator.Deploy.0 = Release|Any CPU
		{DA64E198-90B5-4F97-80CC-E10D81B7DE9B}.Ad-Hoc|x64.ActiveCfg = Release|Any CPU
		{DA64E198-90B5-4F97-80CC-E10D81B7DE9B}.Ad-Hoc|x64.Build.0 = Release|Any CPU
		{DA64E198-90B5-4F97-80CC-E10D81B7DE9B}.Ad-Hoc|x64.Deploy.0 = Release|Any CPU
		{DA64E198-90B5-4F97-80CC-E10D81B7DE9B}.Ad-Hoc|x86.ActiveCfg = Release|x86
		{DA64E198-90B5-4F97-80CC-E10D81B7DE9B}.Ad-Hoc|x86.Build.0 = Release|x86
		{DA64E198-90B5-4F97-80CC-E10D81B7DE9B}.Ad-Hoc|x86.Deploy.0 = Release|x86
		{DA64E198-90B5-4F97-80CC-E10D81B7DE9B}.AppStore|Any CPU.ActiveCfg = Release|Any CPU
		{DA64E198-90B5-4F97-80CC-E10D81B7DE9B}.AppStore|Any CPU.Build.0 = Release|Any CPU
		{DA64E198-90B5-4F97-80CC-E10D81B7DE9B}.AppStore|Any CPU.Deploy.0 = Release|Any CPU
		{DA64E198-90B5-4F97-80CC-E10D81B7DE9B}.AppStore|ARM.ActiveCfg = Release|ARM
		{DA64E198-90B5-4F97-80CC-E10D81B7DE9B}.AppStore|ARM.Build.0 = Release|ARM
		{DA64E198-90B5-4F97-80CC-E10D81B7DE9B}.AppStore|ARM.Deploy.0 = Release|ARM
		{DA64E198-90B5-4F97-80CC-E10D81B7DE9B}.AppStore|iPhone.ActiveCfg = Release|Any CPU
		{DA64E198-90B5-4F97-80CC-E10D81B7DE9B}.AppStore|iPhone.Build.0 = Release|Any CPU
		{DA64E198-90B5-4F97-80CC-E10D81B7DE9B}.AppStore|iPhone.Deploy.0 = Release|Any CPU
		{DA64E198-90B5-4F97-80CC-E10D81B7DE9B}.AppStore|iPhoneSimulator.ActiveCfg = Release|Any CPU
		{DA64E198-90B5-4F97-80CC-E10D81B7DE9B}.AppStore|iPhoneSimulator.Build.0 = Release|Any CPU
		{DA64E198-90B5-4F97-80CC-E10D81B7DE9B}.AppStore|iPhoneSimulator.Deploy.0 = Release|Any CPU
		{DA64E198-90B5-4F97-80CC-E10D81B7DE9B}.AppStore|x64.ActiveCfg = Release|Any CPU
		{DA64E198-90B5-4F97-80CC-E10D81B7DE9B}.AppStore|x64.Build.0 = Release|Any CPU
		{DA64E198-90B5-4F97-80CC-E10D81B7DE9B}.AppStore|x64.Deploy.0 = Release|Any CPU
		{DA64E198-90B5-4F97-80CC-E10D81B7DE9B}.AppStore|x86.ActiveCfg = Release|x86
		{DA64E198-90B5-4F97-80CC-E10D81B7DE9B}.AppStore|x86.Build.0 = Release|x86
		{DA64E198-90B5-4F97-80CC-E10D81B7DE9B}.AppStore|x86.Deploy.0 = Release|x86
		{DA64E198-90B5-4F97-80CC-E10D81B7DE9B}.Debug|Any CPU.ActiveCfg = Debug|Any CPU
		{DA64E198-90B5-4F97-80CC-E10D81B7DE9B}.Debug|Any CPU.Build.0 = Debug|Any CPU
		{DA64E198-90B5-4F97-80CC-E10D81B7DE9B}.Debug|Any CPU.Deploy.0 = Debug|Any CPU
		{DA64E198-90B5-4F97-80CC-E10D81B7DE9B}.Debug|ARM.ActiveCfg = Debug|ARM
		{DA64E198-90B5-4F97-80CC-E10D81B7DE9B}.Debug|ARM.Build.0 = Debug|ARM
		{DA64E198-90B5-4F97-80CC-E10D81B7DE9B}.Debug|ARM.Deploy.0 = Debug|ARM
		{DA64E198-90B5-4F97-80CC-E10D81B7DE9B}.Debug|iPhone.ActiveCfg = Debug|Any CPU
		{DA64E198-90B5-4F97-80CC-E10D81B7DE9B}.Debug|iPhone.Build.0 = Debug|Any CPU
		{DA64E198-90B5-4F97-80CC-E10D81B7DE9B}.Debug|iPhone.Deploy.0 = Debug|Any CPU
		{DA64E198-90B5-4F97-80CC-E10D81B7DE9B}.Debug|iPhoneSimulator.ActiveCfg = Debug|Any CPU
		{DA64E198-90B5-4F97-80CC-E10D81B7DE9B}.Debug|iPhoneSimulator.Build.0 = Debug|Any CPU
		{DA64E198-90B5-4F97-80CC-E10D81B7DE9B}.Debug|iPhoneSimulator.Deploy.0 = Debug|Any CPU
		{DA64E198-90B5-4F97-80CC-E10D81B7DE9B}.Debug|x64.ActiveCfg = Debug|Any CPU
		{DA64E198-90B5-4F97-80CC-E10D81B7DE9B}.Debug|x64.Build.0 = Debug|Any CPU
		{DA64E198-90B5-4F97-80CC-E10D81B7DE9B}.Debug|x64.Deploy.0 = Debug|Any CPU
		{DA64E198-90B5-4F97-80CC-E10D81B7DE9B}.Debug|x86.ActiveCfg = Debug|x86
		{DA64E198-90B5-4F97-80CC-E10D81B7DE9B}.Debug|x86.Build.0 = Debug|x86
		{DA64E198-90B5-4F97-80CC-E10D81B7DE9B}.Debug|x86.Deploy.0 = Debug|x86
		{DA64E198-90B5-4F97-80CC-E10D81B7DE9B}.Release|Any CPU.ActiveCfg = Release|Any CPU
		{DA64E198-90B5-4F97-80CC-E10D81B7DE9B}.Release|Any CPU.Build.0 = Release|Any CPU
		{DA64E198-90B5-4F97-80CC-E10D81B7DE9B}.Release|Any CPU.Deploy.0 = Release|Any CPU
		{DA64E198-90B5-4F97-80CC-E10D81B7DE9B}.Release|ARM.ActiveCfg = Release|ARM
		{DA64E198-90B5-4F97-80CC-E10D81B7DE9B}.Release|ARM.Build.0 = Release|ARM
		{DA64E198-90B5-4F97-80CC-E10D81B7DE9B}.Release|ARM.Deploy.0 = Release|ARM
		{DA64E198-90B5-4F97-80CC-E10D81B7DE9B}.Release|iPhone.ActiveCfg = Release|Any CPU
		{DA64E198-90B5-4F97-80CC-E10D81B7DE9B}.Release|iPhone.Build.0 = Release|Any CPU
		{DA64E198-90B5-4F97-80CC-E10D81B7DE9B}.Release|iPhone.Deploy.0 = Release|Any CPU
		{DA64E198-90B5-4F97-80CC-E10D81B7DE9B}.Release|iPhoneSimulator.ActiveCfg = Release|Any CPU
		{DA64E198-90B5-4F97-80CC-E10D81B7DE9B}.Release|iPhoneSimulator.Build.0 = Release|Any CPU
		{DA64E198-90B5-4F97-80CC-E10D81B7DE9B}.Release|iPhoneSimulator.Deploy.0 = Release|Any CPU
		{DA64E198-90B5-4F97-80CC-E10D81B7DE9B}.Release|x64.ActiveCfg = Release|Any CPU
		{DA64E198-90B5-4F97-80CC-E10D81B7DE9B}.Release|x64.Build.0 = Release|Any CPU
		{DA64E198-90B5-4F97-80CC-E10D81B7DE9B}.Release|x64.Deploy.0 = Release|Any CPU
		{DA64E198-90B5-4F97-80CC-E10D81B7DE9B}.Release|x86.ActiveCfg = Release|x86
		{DA64E198-90B5-4F97-80CC-E10D81B7DE9B}.Release|x86.Build.0 = Release|x86
		{DA64E198-90B5-4F97-80CC-E10D81B7DE9B}.Release|x86.Deploy.0 = Release|x86
		{068DE56B-2D0A-48BB-95F7-E6EDB0746B7D}.Ad-Hoc|Any CPU.ActiveCfg = Release|x86
		{068DE56B-2D0A-48BB-95F7-E6EDB0746B7D}.Ad-Hoc|Any CPU.Build.0 = Release|x86
		{068DE56B-2D0A-48BB-95F7-E6EDB0746B7D}.Ad-Hoc|Any CPU.Deploy.0 = Release|x86
		{068DE56B-2D0A-48BB-95F7-E6EDB0746B7D}.Ad-Hoc|ARM.ActiveCfg = Release|ARM
		{068DE56B-2D0A-48BB-95F7-E6EDB0746B7D}.Ad-Hoc|ARM.Build.0 = Release|ARM
		{068DE56B-2D0A-48BB-95F7-E6EDB0746B7D}.Ad-Hoc|ARM.Deploy.0 = Release|ARM
		{068DE56B-2D0A-48BB-95F7-E6EDB0746B7D}.Ad-Hoc|iPhone.ActiveCfg = Release|x86
		{068DE56B-2D0A-48BB-95F7-E6EDB0746B7D}.Ad-Hoc|iPhone.Build.0 = Release|x86
		{068DE56B-2D0A-48BB-95F7-E6EDB0746B7D}.Ad-Hoc|iPhone.Deploy.0 = Release|x86
		{068DE56B-2D0A-48BB-95F7-E6EDB0746B7D}.Ad-Hoc|iPhoneSimulator.ActiveCfg = Release|x86
		{068DE56B-2D0A-48BB-95F7-E6EDB0746B7D}.Ad-Hoc|iPhoneSimulator.Build.0 = Release|x86
		{068DE56B-2D0A-48BB-95F7-E6EDB0746B7D}.Ad-Hoc|iPhoneSimulator.Deploy.0 = Release|x86
		{068DE56B-2D0A-48BB-95F7-E6EDB0746B7D}.Ad-Hoc|x64.ActiveCfg = Release|x64
		{068DE56B-2D0A-48BB-95F7-E6EDB0746B7D}.Ad-Hoc|x64.Build.0 = Release|x64
		{068DE56B-2D0A-48BB-95F7-E6EDB0746B7D}.Ad-Hoc|x64.Deploy.0 = Release|x64
		{068DE56B-2D0A-48BB-95F7-E6EDB0746B7D}.Ad-Hoc|x86.ActiveCfg = Release|x86
		{068DE56B-2D0A-48BB-95F7-E6EDB0746B7D}.Ad-Hoc|x86.Build.0 = Release|x86
		{068DE56B-2D0A-48BB-95F7-E6EDB0746B7D}.Ad-Hoc|x86.Deploy.0 = Release|x86
		{068DE56B-2D0A-48BB-95F7-E6EDB0746B7D}.AppStore|Any CPU.ActiveCfg = Release|x86
		{068DE56B-2D0A-48BB-95F7-E6EDB0746B7D}.AppStore|Any CPU.Build.0 = Release|x86
		{068DE56B-2D0A-48BB-95F7-E6EDB0746B7D}.AppStore|Any CPU.Deploy.0 = Release|x86
		{068DE56B-2D0A-48BB-95F7-E6EDB0746B7D}.AppStore|ARM.ActiveCfg = Release|ARM
		{068DE56B-2D0A-48BB-95F7-E6EDB0746B7D}.AppStore|ARM.Build.0 = Release|ARM
		{068DE56B-2D0A-48BB-95F7-E6EDB0746B7D}.AppStore|ARM.Deploy.0 = Release|ARM
		{068DE56B-2D0A-48BB-95F7-E6EDB0746B7D}.AppStore|iPhone.ActiveCfg = Release|x86
		{068DE56B-2D0A-48BB-95F7-E6EDB0746B7D}.AppStore|iPhone.Build.0 = Release|x86
		{068DE56B-2D0A-48BB-95F7-E6EDB0746B7D}.AppStore|iPhone.Deploy.0 = Release|x86
		{068DE56B-2D0A-48BB-95F7-E6EDB0746B7D}.AppStore|iPhoneSimulator.ActiveCfg = Release|x86
		{068DE56B-2D0A-48BB-95F7-E6EDB0746B7D}.AppStore|iPhoneSimulator.Build.0 = Release|x86
		{068DE56B-2D0A-48BB-95F7-E6EDB0746B7D}.AppStore|iPhoneSimulator.Deploy.0 = Release|x86
		{068DE56B-2D0A-48BB-95F7-E6EDB0746B7D}.AppStore|x64.ActiveCfg = Release|x64
		{068DE56B-2D0A-48BB-95F7-E6EDB0746B7D}.AppStore|x64.Build.0 = Release|x64
		{068DE56B-2D0A-48BB-95F7-E6EDB0746B7D}.AppStore|x64.Deploy.0 = Release|x64
		{068DE56B-2D0A-48BB-95F7-E6EDB0746B7D}.AppStore|x86.ActiveCfg = Release|x86
		{068DE56B-2D0A-48BB-95F7-E6EDB0746B7D}.AppStore|x86.Build.0 = Release|x86
		{068DE56B-2D0A-48BB-95F7-E6EDB0746B7D}.AppStore|x86.Deploy.0 = Release|x86
		{068DE56B-2D0A-48BB-95F7-E6EDB0746B7D}.Debug|Any CPU.ActiveCfg = Debug|x86
		{068DE56B-2D0A-48BB-95F7-E6EDB0746B7D}.Debug|ARM.ActiveCfg = Debug|ARM
		{068DE56B-2D0A-48BB-95F7-E6EDB0746B7D}.Debug|ARM.Build.0 = Debug|ARM
		{068DE56B-2D0A-48BB-95F7-E6EDB0746B7D}.Debug|ARM.Deploy.0 = Debug|ARM
		{068DE56B-2D0A-48BB-95F7-E6EDB0746B7D}.Debug|iPhone.ActiveCfg = Debug|x86
		{068DE56B-2D0A-48BB-95F7-E6EDB0746B7D}.Debug|iPhoneSimulator.ActiveCfg = Debug|x86
		{068DE56B-2D0A-48BB-95F7-E6EDB0746B7D}.Debug|x64.ActiveCfg = Debug|x64
		{068DE56B-2D0A-48BB-95F7-E6EDB0746B7D}.Debug|x64.Build.0 = Debug|x64
		{068DE56B-2D0A-48BB-95F7-E6EDB0746B7D}.Debug|x64.Deploy.0 = Debug|x64
		{068DE56B-2D0A-48BB-95F7-E6EDB0746B7D}.Debug|x86.ActiveCfg = Debug|x86
		{068DE56B-2D0A-48BB-95F7-E6EDB0746B7D}.Debug|x86.Build.0 = Debug|x86
		{068DE56B-2D0A-48BB-95F7-E6EDB0746B7D}.Debug|x86.Deploy.0 = Debug|x86
		{068DE56B-2D0A-48BB-95F7-E6EDB0746B7D}.Release|Any CPU.ActiveCfg = Release|x86
		{068DE56B-2D0A-48BB-95F7-E6EDB0746B7D}.Release|ARM.ActiveCfg = Release|ARM
		{068DE56B-2D0A-48BB-95F7-E6EDB0746B7D}.Release|ARM.Build.0 = Release|ARM
		{068DE56B-2D0A-48BB-95F7-E6EDB0746B7D}.Release|ARM.Deploy.0 = Release|ARM
		{068DE56B-2D0A-48BB-95F7-E6EDB0746B7D}.Release|iPhone.ActiveCfg = Release|x86
		{068DE56B-2D0A-48BB-95F7-E6EDB0746B7D}.Release|iPhoneSimulator.ActiveCfg = Release|x86
		{068DE56B-2D0A-48BB-95F7-E6EDB0746B7D}.Release|x64.ActiveCfg = Release|x64
		{068DE56B-2D0A-48BB-95F7-E6EDB0746B7D}.Release|x64.Build.0 = Release|x64
		{068DE56B-2D0A-48BB-95F7-E6EDB0746B7D}.Release|x64.Deploy.0 = Release|x64
		{068DE56B-2D0A-48BB-95F7-E6EDB0746B7D}.Release|x86.ActiveCfg = Release|x86
		{068DE56B-2D0A-48BB-95F7-E6EDB0746B7D}.Release|x86.Build.0 = Release|x86
		{068DE56B-2D0A-48BB-95F7-E6EDB0746B7D}.Release|x86.Deploy.0 = Release|x86
		{0A37A4A2-C5A7-4571-9700-BE9A920EA47D}.Ad-Hoc|Any CPU.ActiveCfg = Release|Any CPU
		{0A37A4A2-C5A7-4571-9700-BE9A920EA47D}.Ad-Hoc|Any CPU.Build.0 = Release|Any CPU
		{0A37A4A2-C5A7-4571-9700-BE9A920EA47D}.Ad-Hoc|Any CPU.Deploy.0 = Release|Any CPU
		{0A37A4A2-C5A7-4571-9700-BE9A920EA47D}.Ad-Hoc|ARM.ActiveCfg = Release|Any CPU
		{0A37A4A2-C5A7-4571-9700-BE9A920EA47D}.Ad-Hoc|ARM.Build.0 = Release|Any CPU
		{0A37A4A2-C5A7-4571-9700-BE9A920EA47D}.Ad-Hoc|ARM.Deploy.0 = Release|Any CPU
		{0A37A4A2-C5A7-4571-9700-BE9A920EA47D}.Ad-Hoc|iPhone.ActiveCfg = Release|Any CPU
		{0A37A4A2-C5A7-4571-9700-BE9A920EA47D}.Ad-Hoc|iPhone.Build.0 = Release|Any CPU
		{0A37A4A2-C5A7-4571-9700-BE9A920EA47D}.Ad-Hoc|iPhone.Deploy.0 = Release|Any CPU
		{0A37A4A2-C5A7-4571-9700-BE9A920EA47D}.Ad-Hoc|iPhoneSimulator.ActiveCfg = Release|Any CPU
		{0A37A4A2-C5A7-4571-9700-BE9A920EA47D}.Ad-Hoc|iPhoneSimulator.Build.0 = Release|Any CPU
		{0A37A4A2-C5A7-4571-9700-BE9A920EA47D}.Ad-Hoc|iPhoneSimulator.Deploy.0 = Release|Any CPU
		{0A37A4A2-C5A7-4571-9700-BE9A920EA47D}.Ad-Hoc|x64.ActiveCfg = Release|Any CPU
		{0A37A4A2-C5A7-4571-9700-BE9A920EA47D}.Ad-Hoc|x64.Build.0 = Release|Any CPU
		{0A37A4A2-C5A7-4571-9700-BE9A920EA47D}.Ad-Hoc|x64.Deploy.0 = Release|Any CPU
		{0A37A4A2-C5A7-4571-9700-BE9A920EA47D}.Ad-Hoc|x86.ActiveCfg = Release|Any CPU
		{0A37A4A2-C5A7-4571-9700-BE9A920EA47D}.Ad-Hoc|x86.Build.0 = Release|Any CPU
		{0A37A4A2-C5A7-4571-9700-BE9A920EA47D}.Ad-Hoc|x86.Deploy.0 = Release|Any CPU
		{0A37A4A2-C5A7-4571-9700-BE9A920EA47D}.AppStore|Any CPU.ActiveCfg = Release|Any CPU
		{0A37A4A2-C5A7-4571-9700-BE9A920EA47D}.AppStore|Any CPU.Build.0 = Release|Any CPU
		{0A37A4A2-C5A7-4571-9700-BE9A920EA47D}.AppStore|Any CPU.Deploy.0 = Release|Any CPU
		{0A37A4A2-C5A7-4571-9700-BE9A920EA47D}.AppStore|ARM.ActiveCfg = Release|Any CPU
		{0A37A4A2-C5A7-4571-9700-BE9A920EA47D}.AppStore|ARM.Build.0 = Release|Any CPU
		{0A37A4A2-C5A7-4571-9700-BE9A920EA47D}.AppStore|ARM.Deploy.0 = Release|Any CPU
		{0A37A4A2-C5A7-4571-9700-BE9A920EA47D}.AppStore|iPhone.ActiveCfg = Release|Any CPU
		{0A37A4A2-C5A7-4571-9700-BE9A920EA47D}.AppStore|iPhone.Build.0 = Release|Any CPU
		{0A37A4A2-C5A7-4571-9700-BE9A920EA47D}.AppStore|iPhone.Deploy.0 = Release|Any CPU
		{0A37A4A2-C5A7-4571-9700-BE9A920EA47D}.AppStore|iPhoneSimulator.ActiveCfg = Release|Any CPU
		{0A37A4A2-C5A7-4571-9700-BE9A920EA47D}.AppStore|iPhoneSimulator.Build.0 = Release|Any CPU
		{0A37A4A2-C5A7-4571-9700-BE9A920EA47D}.AppStore|iPhoneSimulator.Deploy.0 = Release|Any CPU
		{0A37A4A2-C5A7-4571-9700-BE9A920EA47D}.AppStore|x64.ActiveCfg = Release|Any CPU
		{0A37A4A2-C5A7-4571-9700-BE9A920EA47D}.AppStore|x64.Build.0 = Release|Any CPU
		{0A37A4A2-C5A7-4571-9700-BE9A920EA47D}.AppStore|x64.Deploy.0 = Release|Any CPU
		{0A37A4A2-C5A7-4571-9700-BE9A920EA47D}.AppStore|x86.ActiveCfg = Release|Any CPU
		{0A37A4A2-C5A7-4571-9700-BE9A920EA47D}.AppStore|x86.Build.0 = Release|Any CPU
		{0A37A4A2-C5A7-4571-9700-BE9A920EA47D}.AppStore|x86.Deploy.0 = Release|Any CPU
		{0A37A4A2-C5A7-4571-9700-BE9A920EA47D}.Debug|Any CPU.ActiveCfg = Debug|Any CPU
		{0A37A4A2-C5A7-4571-9700-BE9A920EA47D}.Debug|Any CPU.Build.0 = Debug|Any CPU
		{0A37A4A2-C5A7-4571-9700-BE9A920EA47D}.Debug|Any CPU.Deploy.0 = Debug|Any CPU
		{0A37A4A2-C5A7-4571-9700-BE9A920EA47D}.Debug|ARM.ActiveCfg = Debug|Any CPU
		{0A37A4A2-C5A7-4571-9700-BE9A920EA47D}.Debug|ARM.Build.0 = Debug|Any CPU
		{0A37A4A2-C5A7-4571-9700-BE9A920EA47D}.Debug|ARM.Deploy.0 = Debug|Any CPU
		{0A37A4A2-C5A7-4571-9700-BE9A920EA47D}.Debug|iPhone.ActiveCfg = Debug|Any CPU
		{0A37A4A2-C5A7-4571-9700-BE9A920EA47D}.Debug|iPhone.Build.0 = Debug|Any CPU
		{0A37A4A2-C5A7-4571-9700-BE9A920EA47D}.Debug|iPhone.Deploy.0 = Debug|Any CPU
		{0A37A4A2-C5A7-4571-9700-BE9A920EA47D}.Debug|iPhoneSimulator.ActiveCfg = Debug|Any CPU
		{0A37A4A2-C5A7-4571-9700-BE9A920EA47D}.Debug|iPhoneSimulator.Build.0 = Debug|Any CPU
		{0A37A4A2-C5A7-4571-9700-BE9A920EA47D}.Debug|iPhoneSimulator.Deploy.0 = Debug|Any CPU
		{0A37A4A2-C5A7-4571-9700-BE9A920EA47D}.Debug|x64.ActiveCfg = Debug|Any CPU
		{0A37A4A2-C5A7-4571-9700-BE9A920EA47D}.Debug|x64.Build.0 = Debug|Any CPU
		{0A37A4A2-C5A7-4571-9700-BE9A920EA47D}.Debug|x64.Deploy.0 = Debug|Any CPU
		{0A37A4A2-C5A7-4571-9700-BE9A920EA47D}.Debug|x86.ActiveCfg = Debug|Any CPU
		{0A37A4A2-C5A7-4571-9700-BE9A920EA47D}.Debug|x86.Build.0 = Debug|Any CPU
		{0A37A4A2-C5A7-4571-9700-BE9A920EA47D}.Debug|x86.Deploy.0 = Debug|Any CPU
		{0A37A4A2-C5A7-4571-9700-BE9A920EA47D}.Release|Any CPU.ActiveCfg = Release|Any CPU
		{0A37A4A2-C5A7-4571-9700-BE9A920EA47D}.Release|Any CPU.Build.0 = Release|Any CPU
		{0A37A4A2-C5A7-4571-9700-BE9A920EA47D}.Release|Any CPU.Deploy.0 = Release|Any CPU
		{0A37A4A2-C5A7-4571-9700-BE9A920EA47D}.Release|ARM.ActiveCfg = Release|Any CPU
		{0A37A4A2-C5A7-4571-9700-BE9A920EA47D}.Release|ARM.Build.0 = Release|Any CPU
		{0A37A4A2-C5A7-4571-9700-BE9A920EA47D}.Release|ARM.Deploy.0 = Release|Any CPU
		{0A37A4A2-C5A7-4571-9700-BE9A920EA47D}.Release|iPhone.ActiveCfg = Release|Any CPU
		{0A37A4A2-C5A7-4571-9700-BE9A920EA47D}.Release|iPhone.Build.0 = Release|Any CPU
		{0A37A4A2-C5A7-4571-9700-BE9A920EA47D}.Release|iPhone.Deploy.0 = Release|Any CPU
		{0A37A4A2-C5A7-4571-9700-BE9A920EA47D}.Release|iPhoneSimulator.ActiveCfg = Release|Any CPU
		{0A37A4A2-C5A7-4571-9700-BE9A920EA47D}.Release|iPhoneSimulator.Build.0 = Release|Any CPU
		{0A37A4A2-C5A7-4571-9700-BE9A920EA47D}.Release|iPhoneSimulator.Deploy.0 = Release|Any CPU
		{0A37A4A2-C5A7-4571-9700-BE9A920EA47D}.Release|x64.ActiveCfg = Release|Any CPU
		{0A37A4A2-C5A7-4571-9700-BE9A920EA47D}.Release|x64.Build.0 = Release|Any CPU
		{0A37A4A2-C5A7-4571-9700-BE9A920EA47D}.Release|x64.Deploy.0 = Release|Any CPU
		{0A37A4A2-C5A7-4571-9700-BE9A920EA47D}.Release|x86.ActiveCfg = Release|Any CPU
		{0A37A4A2-C5A7-4571-9700-BE9A920EA47D}.Release|x86.Build.0 = Release|Any CPU
		{0A37A4A2-C5A7-4571-9700-BE9A920EA47D}.Release|x86.Deploy.0 = Release|Any CPU
		{A6BB4BC6-708C-4CF9-96F1-1EC5279E94C9}.Ad-Hoc|Any CPU.ActiveCfg = Release|iPhone
		{A6BB4BC6-708C-4CF9-96F1-1EC5279E94C9}.Ad-Hoc|Any CPU.Build.0 = Release|iPhone
		{A6BB4BC6-708C-4CF9-96F1-1EC5279E94C9}.Ad-Hoc|ARM.ActiveCfg = Release|iPhone
		{A6BB4BC6-708C-4CF9-96F1-1EC5279E94C9}.Ad-Hoc|ARM.Build.0 = Release|iPhone
		{A6BB4BC6-708C-4CF9-96F1-1EC5279E94C9}.Ad-Hoc|iPhone.ActiveCfg = Release|iPhone
		{A6BB4BC6-708C-4CF9-96F1-1EC5279E94C9}.Ad-Hoc|iPhone.Build.0 = Release|iPhone
		{A6BB4BC6-708C-4CF9-96F1-1EC5279E94C9}.Ad-Hoc|iPhoneSimulator.ActiveCfg = Release|iPhoneSimulator
		{A6BB4BC6-708C-4CF9-96F1-1EC5279E94C9}.Ad-Hoc|iPhoneSimulator.Build.0 = Release|iPhoneSimulator
		{A6BB4BC6-708C-4CF9-96F1-1EC5279E94C9}.Ad-Hoc|x64.ActiveCfg = Release|iPhone
		{A6BB4BC6-708C-4CF9-96F1-1EC5279E94C9}.Ad-Hoc|x64.Build.0 = Release|iPhone
		{A6BB4BC6-708C-4CF9-96F1-1EC5279E94C9}.Ad-Hoc|x86.ActiveCfg = Release|iPhone
		{A6BB4BC6-708C-4CF9-96F1-1EC5279E94C9}.Ad-Hoc|x86.Build.0 = Release|iPhone
		{A6BB4BC6-708C-4CF9-96F1-1EC5279E94C9}.AppStore|Any CPU.ActiveCfg = Release|iPhone
		{A6BB4BC6-708C-4CF9-96F1-1EC5279E94C9}.AppStore|Any CPU.Build.0 = Release|iPhone
		{A6BB4BC6-708C-4CF9-96F1-1EC5279E94C9}.AppStore|ARM.ActiveCfg = Release|iPhone
		{A6BB4BC6-708C-4CF9-96F1-1EC5279E94C9}.AppStore|ARM.Build.0 = Release|iPhone
		{A6BB4BC6-708C-4CF9-96F1-1EC5279E94C9}.AppStore|iPhone.ActiveCfg = Release|iPhone
		{A6BB4BC6-708C-4CF9-96F1-1EC5279E94C9}.AppStore|iPhone.Build.0 = Release|iPhone
		{A6BB4BC6-708C-4CF9-96F1-1EC5279E94C9}.AppStore|iPhoneSimulator.ActiveCfg = Release|iPhoneSimulator
		{A6BB4BC6-708C-4CF9-96F1-1EC5279E94C9}.AppStore|iPhoneSimulator.Build.0 = Release|iPhoneSimulator
		{A6BB4BC6-708C-4CF9-96F1-1EC5279E94C9}.AppStore|x64.ActiveCfg = Release|iPhone
		{A6BB4BC6-708C-4CF9-96F1-1EC5279E94C9}.AppStore|x64.Build.0 = Release|iPhone
		{A6BB4BC6-708C-4CF9-96F1-1EC5279E94C9}.AppStore|x86.ActiveCfg = Release|iPhone
		{A6BB4BC6-708C-4CF9-96F1-1EC5279E94C9}.AppStore|x86.Build.0 = Release|iPhone
		{A6BB4BC6-708C-4CF9-96F1-1EC5279E94C9}.Debug|Any CPU.ActiveCfg = Debug|iPhone
		{A6BB4BC6-708C-4CF9-96F1-1EC5279E94C9}.Debug|ARM.ActiveCfg = Debug|iPhone
		{A6BB4BC6-708C-4CF9-96F1-1EC5279E94C9}.Debug|iPhone.ActiveCfg = Debug|iPhone
		{A6BB4BC6-708C-4CF9-96F1-1EC5279E94C9}.Debug|iPhone.Build.0 = Debug|iPhone
		{A6BB4BC6-708C-4CF9-96F1-1EC5279E94C9}.Debug|iPhoneSimulator.ActiveCfg = Debug|iPhoneSimulator
		{A6BB4BC6-708C-4CF9-96F1-1EC5279E94C9}.Debug|iPhoneSimulator.Build.0 = Debug|iPhoneSimulator
		{A6BB4BC6-708C-4CF9-96F1-1EC5279E94C9}.Debug|x64.ActiveCfg = Debug|iPhone
		{A6BB4BC6-708C-4CF9-96F1-1EC5279E94C9}.Debug|x86.ActiveCfg = Debug|iPhone
		{A6BB4BC6-708C-4CF9-96F1-1EC5279E94C9}.Release|Any CPU.ActiveCfg = Release|iPhone
		{A6BB4BC6-708C-4CF9-96F1-1EC5279E94C9}.Release|ARM.ActiveCfg = Release|iPhone
		{A6BB4BC6-708C-4CF9-96F1-1EC5279E94C9}.Release|iPhone.ActiveCfg = Release|iPhone
		{A6BB4BC6-708C-4CF9-96F1-1EC5279E94C9}.Release|iPhone.Build.0 = Release|iPhone
		{A6BB4BC6-708C-4CF9-96F1-1EC5279E94C9}.Release|iPhoneSimulator.ActiveCfg = Release|iPhoneSimulator
		{A6BB4BC6-708C-4CF9-96F1-1EC5279E94C9}.Release|iPhoneSimulator.Build.0 = Release|iPhoneSimulator
		{A6BB4BC6-708C-4CF9-96F1-1EC5279E94C9}.Release|x64.ActiveCfg = Release|iPhone
		{A6BB4BC6-708C-4CF9-96F1-1EC5279E94C9}.Release|x86.ActiveCfg = Release|iPhone
	EndGlobalSection
	GlobalSection(SolutionProperties) = preSolution
		HideSolutionNode = FALSE
	EndGlobalSection
EndGlobal
